// !$*UTF8*$!
{
	archiveVersion = 1;
	classes = {
	};
	objectVersion = 46;
	objects = {

/* Begin PBXBuildFile section */
		2B0D196D1D9C297300BD16AB /* AppDelegate.swift in Sources */ = {isa = PBXBuildFile; fileRef = 2B0D196C1D9C297300BD16AB /* AppDelegate.swift */; };
		2B0D196F1D9C297300BD16AB /* ViewController.swift in Sources */ = {isa = PBXBuildFile; fileRef = 2B0D196E1D9C297300BD16AB /* ViewController.swift */; };
		2B0D19721D9C297300BD16AB /* Main.storyboard in Resources */ = {isa = PBXBuildFile; fileRef = 2B0D19701D9C297300BD16AB /* Main.storyboard */; };
		2B0D19741D9C297300BD16AB /* Assets.xcassets in Resources */ = {isa = PBXBuildFile; fileRef = 2B0D19731D9C297300BD16AB /* Assets.xcassets */; };
		2B0D19871D9C356B00BD16AB /* CoreBluetooth.framework in Frameworks */ = {isa = PBXBuildFile; fileRef = 2B0D19861D9C356B00BD16AB /* CoreBluetooth.framework */; };
		2B0D19891D9C357800BD16AB /* libsqlite3.0.tbd in Frameworks */ = {isa = PBXBuildFile; fileRef = 2B0D19881D9C357800BD16AB /* libsqlite3.0.tbd */; };
		2B0D198B1D9C442C00BD16AB /* DealViewController.swift in Sources */ = {isa = PBXBuildFile; fileRef = 2B0D198A1D9C442C00BD16AB /* DealViewController.swift */; };
		2B0D198E1D9C5ACC00BD16AB /* bg.png in Resources */ = {isa = PBXBuildFile; fileRef = 2B0D198D1D9C5ACC00BD16AB /* bg.png */; };
		2BA178271D9DBB33001E8CDE /* CampaignKit.framework in Frameworks */ = {isa = PBXBuildFile; fileRef = 2BA178261D9DBB33001E8CDE /* CampaignKit.framework */; };
/* End PBXBuildFile section */

/* Begin PBXFileReference section */
		2B0D19691D9C297300BD16AB /* CampaignKitReference.app */ = {isa = PBXFileReference; explicitFileType = wrapper.application; includeInIndex = 0; path = CampaignKitReference.app; sourceTree = BUILT_PRODUCTS_DIR; };
		2B0D196C1D9C297300BD16AB /* AppDelegate.swift */ = {isa = PBXFileReference; lastKnownFileType = sourcecode.swift; path = AppDelegate.swift; sourceTree = "<group>"; };
		2B0D196E1D9C297300BD16AB /* ViewController.swift */ = {isa = PBXFileReference; lastKnownFileType = sourcecode.swift; path = ViewController.swift; sourceTree = "<group>"; };
		2B0D19711D9C297300BD16AB /* Base */ = {isa = PBXFileReference; lastKnownFileType = file.storyboard; name = Base; path = Base.lproj/Main.storyboard; sourceTree = "<group>"; };
		2B0D19731D9C297300BD16AB /* Assets.xcassets */ = {isa = PBXFileReference; lastKnownFileType = folder.assetcatalog; path = Assets.xcassets; sourceTree = "<group>"; };
		2B0D19781D9C297300BD16AB /* Info.plist */ = {isa = PBXFileReference; lastKnownFileType = text.plist.xml; path = Info.plist; sourceTree = "<group>"; };
		2B0D19861D9C356B00BD16AB /* CoreBluetooth.framework */ = {isa = PBXFileReference; lastKnownFileType = wrapper.framework; name = CoreBluetooth.framework; path = System/Library/Frameworks/CoreBluetooth.framework; sourceTree = SDKROOT; };
		2B0D19881D9C357800BD16AB /* libsqlite3.0.tbd */ = {isa = PBXFileReference; lastKnownFileType = "sourcecode.text-based-dylib-definition"; name = libsqlite3.0.tbd; path = usr/lib/libsqlite3.0.tbd; sourceTree = SDKROOT; };
		2B0D198A1D9C442C00BD16AB /* DealViewController.swift */ = {isa = PBXFileReference; fileEncoding = 4; lastKnownFileType = sourcecode.swift; path = DealViewController.swift; sourceTree = "<group>"; };
		2B0D198D1D9C5ACC00BD16AB /* bg.png */ = {isa = PBXFileReference; lastKnownFileType = image.png; path = bg.png; sourceTree = "<group>"; };
		2BA178261D9DBB33001E8CDE /* CampaignKit.framework */ = {isa = PBXFileReference; lastKnownFileType = wrapper.framework; path = CampaignKit.framework; sourceTree = "<group>"; };
/* End PBXFileReference section */

/* Begin PBXFrameworksBuildPhase section */
		2B0D19661D9C297300BD16AB /* Frameworks */ = {
			isa = PBXFrameworksBuildPhase;
			buildActionMask = 2147483647;
			files = (
				2BA178271D9DBB33001E8CDE /* CampaignKit.framework in Frameworks */,
				2B0D19891D9C357800BD16AB /* libsqlite3.0.tbd in Frameworks */,
				2B0D19871D9C356B00BD16AB /* CoreBluetooth.framework in Frameworks */,
			);
			runOnlyForDeploymentPostprocessing = 0;
		};
/* End PBXFrameworksBuildPhase section */

/* Begin PBXGroup section */
		2B0D19601D9C297300BD16AB = {
			isa = PBXGroup;
			children = (
				2BA178261D9DBB33001E8CDE /* CampaignKit.framework */,
				2B0D196B1D9C297300BD16AB /* CampaignKitReference */,
				2B0D196A1D9C297300BD16AB /* Products */,
				2B0D19851D9C356A00BD16AB /* Frameworks */,
			);
			sourceTree = "<group>";
		};
		2B0D196A1D9C297300BD16AB /* Products */ = {
			isa = PBXGroup;
			children = (
				2B0D19691D9C297300BD16AB /* CampaignKitReference.app */,
			);
			name = Products;
			sourceTree = "<group>";
		};
		2B0D196B1D9C297300BD16AB /* CampaignKitReference */ = {
			isa = PBXGroup;
			children = (
				2B0D198C1D9C5ACC00BD16AB /* Resources */,
				2B0D196C1D9C297300BD16AB /* AppDelegate.swift */,
				2B0D196E1D9C297300BD16AB /* ViewController.swift */,
				2B0D198A1D9C442C00BD16AB /* DealViewController.swift */,
				2B0D19701D9C297300BD16AB /* Main.storyboard */,
				2B0D19731D9C297300BD16AB /* Assets.xcassets */,
				2B0D19781D9C297300BD16AB /* Info.plist */,
			);
			path = CampaignKitReference;
			sourceTree = "<group>";
		};
		2B0D19851D9C356A00BD16AB /* Frameworks */ = {
			isa = PBXGroup;
			children = (
				2B0D19881D9C357800BD16AB /* libsqlite3.0.tbd */,
				2B0D19861D9C356B00BD16AB /* CoreBluetooth.framework */,
			);
			name = Frameworks;
			sourceTree = "<group>";
		};
		2B0D198C1D9C5ACC00BD16AB /* Resources */ = {
			isa = PBXGroup;
			children = (
				2B0D198D1D9C5ACC00BD16AB /* bg.png */,
			);
			path = Resources;
			sourceTree = "<group>";
		};
/* End PBXGroup section */

/* Begin PBXNativeTarget section */
		2B0D19681D9C297300BD16AB /* CampaignKitReference */ = {
			isa = PBXNativeTarget;
			buildConfigurationList = 2B0D197B1D9C297300BD16AB /* Build configuration list for PBXNativeTarget "CampaignKitReference" */;
			buildPhases = (
				2B0D197E1D9C29B600BD16AB /* Download CampaignKit.framework */,
				2B0D19651D9C297300BD16AB /* Sources */,
				2B0D19661D9C297300BD16AB /* Frameworks */,
				2B0D19671D9C297300BD16AB /* Resources */,
			);
			buildRules = (
			);
			dependencies = (
			);
			name = CampaignKitReference;
			productName = CampaignKitReference;
			productReference = 2B0D19691D9C297300BD16AB /* CampaignKitReference.app */;
			productType = "com.apple.product-type.application";
		};
/* End PBXNativeTarget section */

/* Begin PBXProject section */
		2B0D19611D9C297300BD16AB /* Project object */ = {
			isa = PBXProject;
			attributes = {
				LastSwiftUpdateCheck = 0800;
				LastUpgradeCheck = 0800;
				ORGANIZATIONNAME = "Radius Networks";
				TargetAttributes = {
					2B0D19681D9C297300BD16AB = {
						CreatedOnToolsVersion = 8.0;
						DevelopmentTeam = 2Z2S6NCD7P;
						ProvisioningStyle = Automatic;
						SystemCapabilities = {
							com.apple.BackgroundModes = {
								enabled = 1;
							};
						};
					};
				};
			};
			buildConfigurationList = 2B0D19641D9C297300BD16AB /* Build configuration list for PBXProject "CampaignKitReference" */;
			compatibilityVersion = "Xcode 3.2";
			developmentRegion = English;
			hasScannedForEncodings = 0;
			knownRegions = (
				en,
				Base,
			);
			mainGroup = 2B0D19601D9C297300BD16AB;
			productRefGroup = 2B0D196A1D9C297300BD16AB /* Products */;
			projectDirPath = "";
			projectRoot = "";
			targets = (
				2B0D19681D9C297300BD16AB /* CampaignKitReference */,
			);
		};
/* End PBXProject section */

/* Begin PBXResourcesBuildPhase section */
		2B0D19671D9C297300BD16AB /* Resources */ = {
			isa = PBXResourcesBuildPhase;
			buildActionMask = 2147483647;
			files = (
				2B0D19741D9C297300BD16AB /* Assets.xcassets in Resources */,
				2B0D198E1D9C5ACC00BD16AB /* bg.png in Resources */,
				2B0D19721D9C297300BD16AB /* Main.storyboard in Resources */,
			);
			runOnlyForDeploymentPostprocessing = 0;
		};
/* End PBXResourcesBuildPhase section */

/* Begin PBXShellScriptBuildPhase section */
		2B0D197E1D9C29B600BD16AB /* Download CampaignKit.framework */ = {
			isa = PBXShellScriptBuildPhase;
			buildActionMask = 2147483647;
			files = (
			);
			inputPaths = (
			);
			name = "Download CampaignKit.framework";
			outputPaths = (
			);
			runOnlyForDeploymentPostprocessing = 0;
			shellPath = /bin/sh;
			shellScript = "[ -d \"$TARGET_BUILD_DIR/CampaignKit.framework\" ] && exit\n \n echo \"CampaignKit.framework not found, downloading from GitHub\"\n tmpfile=\"$TEMP_FILES_DIR/CampaignKit.zip\"\n curl -L -o $tmpfile $(curl -s \"https://api.github.com/repos/RadiusNetworks/campaignkit-ios/releases/latest\" | grep browser_download_url | head -n 1 | cut -d '\"' -f 4)\n unzip -d $TARGET_BUILD_DIR $tmpfile\n rm $tmpfile\n \n";
		};
/* End PBXShellScriptBuildPhase section */

/* Begin PBXSourcesBuildPhase section */
		2B0D19651D9C297300BD16AB /* Sources */ = {
			isa = PBXSourcesBuildPhase;
			buildActionMask = 2147483647;
			files = (
				2B0D198B1D9C442C00BD16AB /* DealViewController.swift in Sources */,
				2B0D196F1D9C297300BD16AB /* ViewController.swift in Sources */,
				2B0D196D1D9C297300BD16AB /* AppDelegate.swift in Sources */,
			);
			runOnlyForDeploymentPostprocessing = 0;
		};
/* End PBXSourcesBuildPhase section */

/* Begin PBXVariantGroup section */
		2B0D19701D9C297300BD16AB /* Main.storyboard */ = {
			isa = PBXVariantGroup;
			children = (
				2B0D19711D9C297300BD16AB /* Base */,
			);
			name = Main.storyboard;
			sourceTree = "<group>";
		};
/* End PBXVariantGroup section */

/* Begin XCBuildConfiguration section */
		2B0D19791D9C297300BD16AB /* Debug */ = {
			isa = XCBuildConfiguration;
			buildSettings = {
				ALWAYS_SEARCH_USER_PATHS = NO;
				CLANG_ANALYZER_NONNULL = YES;
				CLANG_CXX_LANGUAGE_STANDARD = "gnu++0x";
				CLANG_CXX_LIBRARY = "libc++";
				CLANG_ENABLE_MODULES = YES;
				CLANG_ENABLE_OBJC_ARC = YES;
				CLANG_WARN_BOOL_CONVERSION = YES;
				CLANG_WARN_CONSTANT_CONVERSION = YES;
				CLANG_WARN_DIRECT_OBJC_ISA_USAGE = YES_ERROR;
				CLANG_WARN_DOCUMENTATION_COMMENTS = YES;
				CLANG_WARN_EMPTY_BODY = YES;
				CLANG_WARN_ENUM_CONVERSION = YES;
				CLANG_WARN_INFINITE_RECURSION = YES;
				CLANG_WARN_INT_CONVERSION = YES;
				CLANG_WARN_OBJC_ROOT_CLASS = YES_ERROR;
				CLANG_WARN_SUSPICIOUS_MOVES = YES;
				CLANG_WARN_UNREACHABLE_CODE = YES;
				CLANG_WARN__DUPLICATE_METHOD_MATCH = YES;
				"CODE_SIGN_IDENTITY[sdk=iphoneos*]" = "iPhone Developer";
				COPY_PHASE_STRIP = NO;
				DEBUG_INFORMATION_FORMAT = dwarf;
				ENABLE_STRICT_OBJC_MSGSEND = YES;
				ENABLE_TESTABILITY = YES;
				GCC_C_LANGUAGE_STANDARD = gnu99;
				GCC_DYNAMIC_NO_PIC = NO;
				GCC_NO_COMMON_BLOCKS = YES;
				GCC_OPTIMIZATION_LEVEL = 0;
				GCC_PREPROCESSOR_DEFINITIONS = (
					"DEBUG=1",
					"$(inherited)",
				);
				GCC_WARN_64_TO_32_BIT_CONVERSION = YES;
				GCC_WARN_ABOUT_RETURN_TYPE = YES_ERROR;
				GCC_WARN_UNDECLARED_SELECTOR = YES;
				GCC_WARN_UNINITIALIZED_AUTOS = YES_AGGRESSIVE;
				GCC_WARN_UNUSED_FUNCTION = YES;
				GCC_WARN_UNUSED_VARIABLE = YES;
				IPHONEOS_DEPLOYMENT_TARGET = 10.0;
				MTL_ENABLE_DEBUG_INFO = YES;
				ONLY_ACTIVE_ARCH = YES;
				SDKROOT = iphoneos;
				SWIFT_ACTIVE_COMPILATION_CONDITIONS = DEBUG;
				SWIFT_OPTIMIZATION_LEVEL = "-Onone";
			};
			name = Debug;
		};
		2B0D197A1D9C297300BD16AB /* Release */ = {
			isa = XCBuildConfiguration;
			buildSettings = {
				ALWAYS_SEARCH_USER_PATHS = NO;
				CLANG_ANALYZER_NONNULL = YES;
				CLANG_CXX_LANGUAGE_STANDARD = "gnu++0x";
				CLANG_CXX_LIBRARY = "libc++";
				CLANG_ENABLE_MODULES = YES;
				CLANG_ENABLE_OBJC_ARC = YES;
				CLANG_WARN_BOOL_CONVERSION = YES;
				CLANG_WARN_CONSTANT_CONVERSION = YES;
				CLANG_WARN_DIRECT_OBJC_ISA_USAGE = YES_ERROR;
				CLANG_WARN_DOCUMENTATION_COMMENTS = YES;
				CLANG_WARN_EMPTY_BODY = YES;
				CLANG_WARN_ENUM_CONVERSION = YES;
				CLANG_WARN_INFINITE_RECURSION = YES;
				CLANG_WARN_INT_CONVERSION = YES;
				CLANG_WARN_OBJC_ROOT_CLASS = YES_ERROR;
				CLANG_WARN_SUSPICIOUS_MOVES = YES;
				CLANG_WARN_UNREACHABLE_CODE = YES;
				CLANG_WARN__DUPLICATE_METHOD_MATCH = YES;
				"CODE_SIGN_IDENTITY[sdk=iphoneos*]" = "iPhone Developer";
				COPY_PHASE_STRIP = NO;
				DEBUG_INFORMATION_FORMAT = "dwarf-with-dsym";
				ENABLE_NS_ASSERTIONS = NO;
				ENABLE_STRICT_OBJC_MSGSEND = YES;
				GCC_C_LANGUAGE_STANDARD = gnu99;
				GCC_NO_COMMON_BLOCKS = YES;
				GCC_WARN_64_TO_32_BIT_CONVERSION = YES;
				GCC_WARN_ABOUT_RETURN_TYPE = YES_ERROR;
				GCC_WARN_UNDECLARED_SELECTOR = YES;
				GCC_WARN_UNINITIALIZED_AUTOS = YES_AGGRESSIVE;
				GCC_WARN_UNUSED_FUNCTION = YES;
				GCC_WARN_UNUSED_VARIABLE = YES;
				IPHONEOS_DEPLOYMENT_TARGET = 10.0;
				MTL_ENABLE_DEBUG_INFO = NO;
				SDKROOT = iphoneos;
				SWIFT_OPTIMIZATION_LEVEL = "-Owholemodule";
				VALIDATE_PRODUCT = YES;
			};
			name = Release;
		};
		2B0D197C1D9C297300BD16AB /* Debug */ = {
			isa = XCBuildConfiguration;
			buildSettings = {
				ASSETCATALOG_COMPILER_APPICON_NAME = AppIcon;
				DEVELOPMENT_TEAM = 2Z2S6NCD7P;
				FRAMEWORK_SEARCH_PATHS = (
					"$(inherited)",
					"$(PROJECT_DIR)",
					"$(PROJECT_DIR)/CampaignKitReference",
				);
				INFOPLIST_FILE = CampaignKitReference/Info.plist;
				LD_RUNPATH_SEARCH_PATHS = "$(inherited) @executable_path/Frameworks";
				PRODUCT_BUNDLE_IDENTIFIER = com.radiusnetworks.CampaignKitReference;
				PRODUCT_NAME = "$(TARGET_NAME)";
				SWIFT_VERSION = 3.0;
			};
			name = Debug;
		};
		2B0D197D1D9C297300BD16AB /* Release */ = {
			isa = XCBuildConfiguration;
			buildSettings = {
				ASSETCATALOG_COMPILER_APPICON_NAME = AppIcon;
				DEVELOPMENT_TEAM = 2Z2S6NCD7P;
				FRAMEWORK_SEARCH_PATHS = (
					"$(inherited)",
					"$(PROJECT_DIR)",
					"$(PROJECT_DIR)/CampaignKitReference",
				);
				INFOPLIST_FILE = CampaignKitReference/Info.plist;
				LD_RUNPATH_SEARCH_PATHS = "$(inherited) @executable_path/Frameworks";
				PRODUCT_BUNDLE_IDENTIFIER = com.radiusnetworks.CampaignKitReference;
				PRODUCT_NAME = "$(TARGET_NAME)";
				SWIFT_VERSION = 3.0;
			};
			name = Release;
		};
/* End XCBuildConfiguration section */

/* Begin XCConfigurationList section */
		2B0D19641D9C297300BD16AB /* Build configuration list for PBXProject "CampaignKitReference" */ = {
			isa = XCConfigurationList;
			buildConfigurations = (
				2B0D19791D9C297300BD16AB /* Debug */,
				2B0D197A1D9C297300BD16AB /* Release */,
			);
			defaultConfigurationIsVisible = 0;
			defaultConfigurationName = Release;
		};
		2B0D197B1D9C297300BD16AB /* Build configuration list for PBXNativeTarget "CampaignKitReference" */ = {
			isa = XCConfigurationList;
			buildConfigurations = (
				2B0D197C1D9C297300BD16AB /* Debug */,
				2B0D197D1D9C297300BD16AB /* Release */,
			);
			defaultConfigurationIsVisible = 0;
			defaultConfigurationName = Release;
		};
/* End XCConfigurationList section */
	};
	rootObject = 2B0D19611D9C297300BD16AB /* Project object */;
}
